
Microsoft Visual Studio Solution File, Format Version 12.00
# Visual Studio Version 16
VisualStudioVersion = 16.0.32630.194
MinimumVisualStudioVersion = 10.0.40219.1
Project("{FAE04EC0-301F-11D3-BF4B-00C04F79EFBC}") = "Acess_API", "Acess_API\Acess_API.csproj", "{0C09FD00-4380-4891-9000-34480D08D9C6}"
EndProject
Global
	GlobalSection(SolutionConfigurationPlatforms) = preSolution
		Debug|Any CPU = Debug|Any CPU
		Release|Any CPU = Release|Any CPU
	EndGlobalSection
	GlobalSection(ProjectConfigurationPlatforms) = postSolution
		{0C09FD00-4380-4891-9000-34480D08D9C6}.Debug|Any CPU.ActiveCfg = Debug|Any CPU
		{0C09FD00-4380-4891-9000-34480D08D9C6}.Debug|Any CPU.Build.0 = Debug|Any CPU
		{0C09FD00-4380-4891-9000-34480D08D9C6}.Release|Any CPU.ActiveCfg = Release|Any CPU
		{0C09FD00-4380-4891-9000-34480D08D9C6}.Release|Any CPU.Build.0 = Release|Any CPU
	EndGlobalSection
	GlobalSection(SolutionProperties) = preSolution
		HideSolutionNode = FALSE
	EndGlobalSection
	GlobalSection(ExtensibilityGlobals) = postSolution
		SolutionGuid = {0E3F3D9E-AAEB-43CE-A0B0-3E164B1CB0E2}
	EndGlobalSection
EndGlobal
